// !$*UTF8*$!
{
	archiveVersion = 1;
	classes = {
	};
	objectVersion = 46;
	objects = {

/* Begin PBXBuildFile section */
		115DAC801AA7080900100B0A /* HistoryTableViewController.swift in Sources */ = {isa = PBXBuildFile; fileRef = 115DAC7F1AA7080900100B0A /* HistoryTableViewController.swift */; };
		115DAC821AA70C5C00100B0A /* icon_map_listview_ver2@2x.png in Resources */ = {isa = PBXBuildFile; fileRef = 115DAC811AA70C5C00100B0A /* icon_map_listview_ver2@2x.png */; };
		117918571A8131EA0087C660 /* logo_splashscreen.png in Resources */ = {isa = PBXBuildFile; fileRef = 117918561A8131EA0087C660 /* logo_splashscreen.png */; };
		11D591071AA4BB95007AC991 /* Logo_header_ver2@2x.png in Resources */ = {isa = PBXBuildFile; fileRef = 11D591061AA4BB95007AC991 /* Logo_header_ver2@2x.png */; };
		6D5555AC1A77EBDB002B2206 /* MapKit.framework in Frameworks */ = {isa = PBXBuildFile; fileRef = 6D5555AB1A77EBDB002B2206 /* MapKit.framework */; };
		6D5555AE1A77ECD5002B2206 /* CoreLocation.framework in Frameworks */ = {isa = PBXBuildFile; fileRef = 6D5555AD1A77ECD5002B2206 /* CoreLocation.framework */; };
		6DF9136D1AACAE850046BD45 /* LocationPermissionViewController.swift in Sources */ = {isa = PBXBuildFile; fileRef = 6DF9136C1AACAE850046BD45 /* LocationPermissionViewController.swift */; };
		6DF913711AACB05F0046BD45 /* YellowButton.swift in Sources */ = {isa = PBXBuildFile; fileRef = 6DF913701AACB05F0046BD45 /* YellowButton.swift */; };
		6DF913731AACB18E0046BD45 /* NotificationPermissionViewController.swift in Sources */ = {isa = PBXBuildFile; fileRef = 6DF913721AACB18E0046BD45 /* NotificationPermissionViewController.swift */; };
		6DF913751AACBF280046BD45 /* IntroductionSegue.swift in Sources */ = {isa = PBXBuildFile; fileRef = 6DF913741AACBF280046BD45 /* IntroductionSegue.swift */; };
		6F17C03E14BE2F648228C521 /* LaunchScreen.xib in Resources */ = {isa = PBXBuildFile; fileRef = 6F17CF37C3E4AFF5021EB28E /* LaunchScreen.xib */; };
		6F17C333A76752B38F5D2A71 /* NearTests.swift in Sources */ = {isa = PBXBuildFile; fileRef = 6F17C98FD1DBD829019CFF07 /* NearTests.swift */; };
		6F17C41A0BBD11E2F0306F9D /* MapViewController.swift in Sources */ = {isa = PBXBuildFile; fileRef = 6F17CBA0D437CBF1F7E1B83F /* MapViewController.swift */; };
		6F17C59209C3D42EA3FD0F33 /* AppDelegate.swift in Sources */ = {isa = PBXBuildFile; fileRef = 6F17C2287DD61C1FC467C9C6 /* AppDelegate.swift */; };
		6F17C6DD9F1A616B739C4A8B /* Images.xcassets in Resources */ = {isa = PBXBuildFile; fileRef = 6F17CAC93073951E270EAD6E /* Images.xcassets */; };
		6F17CB677505E9C9AE5F8C22 /* Main.storyboard in Resources */ = {isa = PBXBuildFile; fileRef = 6F17C5159976F8E3EDDE4D9C /* Main.storyboard */; };
		AF90521E1A9DDC74007E4EF3 /* icon_map_arrow.png in Resources */ = {isa = PBXBuildFile; fileRef = AF90521D1A9DDC74007E4EF3 /* icon_map_arrow.png */; };
		AF90521F1A9DDC74007E4EF3 /* icon_map_arrow.png in Resources */ = {isa = PBXBuildFile; fileRef = AF90521D1A9DDC74007E4EF3 /* icon_map_arrow.png */; };
		AF9052211A9DDC81007E4EF3 /* icon_map_listview.png in Resources */ = {isa = PBXBuildFile; fileRef = AF9052201A9DDC81007E4EF3 /* icon_map_listview.png */; };
		AF9052221A9DDC81007E4EF3 /* icon_map_listview.png in Resources */ = {isa = PBXBuildFile; fileRef = AF9052201A9DDC81007E4EF3 /* icon_map_listview.png */; };
		AF9052241A9DDC8A007E4EF3 /* icon_map.png in Resources */ = {isa = PBXBuildFile; fileRef = AF9052231A9DDC8A007E4EF3 /* icon_map.png */; };
		AF9052251A9DDC8A007E4EF3 /* icon_map.png in Resources */ = {isa = PBXBuildFile; fileRef = AF9052231A9DDC8A007E4EF3 /* icon_map.png */; };
		AF9748A41A9D05ED00ACBD79 /* Roboto-Regular.ttf in Resources */ = {isa = PBXBuildFile; fileRef = AF9748A31A9D05ED00ACBD79 /* Roboto-Regular.ttf */; };
		AF9748A51A9D05ED00ACBD79 /* Roboto-Regular.ttf in Resources */ = {isa = PBXBuildFile; fileRef = AF9748A31A9D05ED00ACBD79 /* Roboto-Regular.ttf */; };
		AF9748B31A9D223D00ACBD79 /* Colors.swift in Sources */ = {isa = PBXBuildFile; fileRef = AF9748B21A9D223D00ACBD79 /* Colors.swift */; };
		AF9748B41A9D223D00ACBD79 /* Colors.swift in Sources */ = {isa = PBXBuildFile; fileRef = AF9748B21A9D223D00ACBD79 /* Colors.swift */; };
		AFB8C1E91A7BD0FA006DB57D /* cafe-regatta.gpx in Resources */ = {isa = PBXBuildFile; fileRef = AFB8C1E81A7BD0FA006DB57D /* cafe-regatta.gpx */; };
		AFB8C1EB1A7BD108006DB57D /* skiffer-liuskaluoto.gpx in Resources */ = {isa = PBXBuildFile; fileRef = AFB8C1EA1A7BD108006DB57D /* skiffer-liuskaluoto.gpx */; };
		AFB8C1ED1A7BD112006DB57D /* teurastamo.gpx in Resources */ = {isa = PBXBuildFile; fileRef = AFB8C1EC1A7BD112006DB57D /* teurastamo.gpx */; };
		AFB8C1F71A7BD569006DB57D /* sample-places-helsinki.json in Resources */ = {isa = PBXBuildFile; fileRef = AFB8C1F61A7BD569006DB57D /* sample-places-helsinki.json */; };
		AFF16E731A7BC8E800EFF6AE /* PlaceController.swift in Sources */ = {isa = PBXBuildFile; fileRef = AFF16E721A7BC8E800EFF6AE /* PlaceController.swift */; };
		E67FE1421AB750EB00F01F09 /* Model.xcdatamodeld in Sources */ = {isa = PBXBuildFile; fileRef = E67FE1401AB750EB00F01F09 /* Model.xcdatamodeld */; };
		E67FE1441AB7525300F01F09 /* CoreData.framework in Frameworks */ = {isa = PBXBuildFile; fileRef = E67FE1431AB7525300F01F09 /* CoreData.framework */; };
		E67FE1791AB756C800F01F09 /* Place.swift in Sources */ = {isa = PBXBuildFile; fileRef = E67FE1781AB756C800F01F09 /* Place.swift */; };
/* End PBXBuildFile section */

/* Begin PBXContainerItemProxy section */
		6F17C8DFA3DA9EA843D9FFE3 /* PBXContainerItemProxy */ = {
			isa = PBXContainerItemProxy;
			containerPortal = 6F17C7439670C111C5C64B14 /* Project object */;
			proxyType = 1;
			remoteGlobalIDString = 6F17C3B9B46BDE00758377B9;
			remoteInfo = Near;
		};
/* End PBXContainerItemProxy section */

/* Begin PBXFileReference section */
		115DAC7F1AA7080900100B0A /* HistoryTableViewController.swift */ = {isa = PBXFileReference; fileEncoding = 4; lastKnownFileType = sourcecode.swift; path = HistoryTableViewController.swift; sourceTree = "<group>"; };
		115DAC811AA70C5C00100B0A /* icon_map_listview_ver2@2x.png */ = {isa = PBXFileReference; lastKnownFileType = image.png; path = "icon_map_listview_ver2@2x.png"; sourceTree = "<group>"; };
		117918561A8131EA0087C660 /* logo_splashscreen.png */ = {isa = PBXFileReference; lastKnownFileType = image.png; path = logo_splashscreen.png; sourceTree = "<group>"; };
		11D591061AA4BB95007AC991 /* Logo_header_ver2@2x.png */ = {isa = PBXFileReference; lastKnownFileType = image.png; path = "Logo_header_ver2@2x.png"; sourceTree = "<group>"; };
		626666605C9031CB62AC6534 /* Pods.debug.xcconfig */ = {isa = PBXFileReference; includeInIndex = 1; lastKnownFileType = text.xcconfig; name = Pods.debug.xcconfig; path = "Pods/Target Support Files/Pods/Pods.debug.xcconfig"; sourceTree = "<group>"; };
		6D5555AB1A77EBDB002B2206 /* MapKit.framework */ = {isa = PBXFileReference; lastKnownFileType = wrapper.framework; name = MapKit.framework; path = System/Library/Frameworks/MapKit.framework; sourceTree = SDKROOT; };
		6D5555AD1A77ECD5002B2206 /* CoreLocation.framework */ = {isa = PBXFileReference; lastKnownFileType = wrapper.framework; name = CoreLocation.framework; path = System/Library/Frameworks/CoreLocation.framework; sourceTree = SDKROOT; };
		6DF9136C1AACAE850046BD45 /* LocationPermissionViewController.swift */ = {isa = PBXFileReference; fileEncoding = 4; lastKnownFileType = sourcecode.swift; path = LocationPermissionViewController.swift; sourceTree = "<group>"; };
		6DF913701AACB05F0046BD45 /* YellowButton.swift */ = {isa = PBXFileReference; fileEncoding = 4; lastKnownFileType = sourcecode.swift; path = YellowButton.swift; sourceTree = "<group>"; };
		6DF913721AACB18E0046BD45 /* NotificationPermissionViewController.swift */ = {isa = PBXFileReference; fileEncoding = 4; lastKnownFileType = sourcecode.swift; path = NotificationPermissionViewController.swift; sourceTree = "<group>"; };
		6DF913741AACBF280046BD45 /* IntroductionSegue.swift */ = {isa = PBXFileReference; fileEncoding = 4; lastKnownFileType = sourcecode.swift; path = IntroductionSegue.swift; sourceTree = "<group>"; };
		6F17C2287DD61C1FC467C9C6 /* AppDelegate.swift */ = {isa = PBXFileReference; lastKnownFileType = sourcecode.swift; path = AppDelegate.swift; sourceTree = "<group>"; };
		6F17C269A3B074AF64C1038A /* Base */ = {isa = PBXFileReference; lastKnownFileType = file.xib; name = Base; path = Base.lproj/LaunchScreen.xib; sourceTree = "<group>"; };
		6F17C74BF65D376BEB812D11 /* Info.plist */ = {isa = PBXFileReference; lastKnownFileType = text.plist.info; path = Info.plist; sourceTree = "<group>"; };
		6F17C7B2CA74100222C9D2EF /* Near.app */ = {isa = PBXFileReference; explicitFileType = wrapper.application; includeInIndex = 0; path = Near.app; sourceTree = BUILT_PRODUCTS_DIR; };
		6F17C830998D2759BC94E45B /* NearTests.xctest */ = {isa = PBXFileReference; explicitFileType = wrapper.cfbundle; includeInIndex = 0; path = NearTests.xctest; sourceTree = BUILT_PRODUCTS_DIR; };
		6F17C90814139A3F9835C079 /* Base */ = {isa = PBXFileReference; lastKnownFileType = file.storyboard; name = Base; path = Base.lproj/Main.storyboard; sourceTree = "<group>"; };
		6F17C98FD1DBD829019CFF07 /* NearTests.swift */ = {isa = PBXFileReference; lastKnownFileType = sourcecode.swift; path = NearTests.swift; sourceTree = "<group>"; };
		6F17CAC93073951E270EAD6E /* Images.xcassets */ = {isa = PBXFileReference; lastKnownFileType = folder.assetcatalog; path = Images.xcassets; sourceTree = "<group>"; };
		6F17CBA0D437CBF1F7E1B83F /* MapViewController.swift */ = {isa = PBXFileReference; lastKnownFileType = sourcecode.swift; path = MapViewController.swift; sourceTree = "<group>"; };
		6F17CF99F3294BB4383B07D3 /* Info.plist */ = {isa = PBXFileReference; lastKnownFileType = text.plist.info; path = Info.plist; sourceTree = "<group>"; };
		AF90521D1A9DDC74007E4EF3 /* icon_map_arrow.png */ = {isa = PBXFileReference; lastKnownFileType = image.png; path = icon_map_arrow.png; sourceTree = "<group>"; };
		AF9052201A9DDC81007E4EF3 /* icon_map_listview.png */ = {isa = PBXFileReference; lastKnownFileType = image.png; path = icon_map_listview.png; sourceTree = "<group>"; };
		AF9052231A9DDC8A007E4EF3 /* icon_map.png */ = {isa = PBXFileReference; lastKnownFileType = image.png; path = icon_map.png; sourceTree = "<group>"; };
		AF9748A31A9D05ED00ACBD79 /* Roboto-Regular.ttf */ = {isa = PBXFileReference; lastKnownFileType = file; path = "Roboto-Regular.ttf"; sourceTree = "<group>"; };
		AF9748B21A9D223D00ACBD79 /* Colors.swift */ = {isa = PBXFileReference; fileEncoding = 4; lastKnownFileType = sourcecode.swift; path = Colors.swift; sourceTree = "<group>"; };
		AFB8C1E81A7BD0FA006DB57D /* cafe-regatta.gpx */ = {isa = PBXFileReference; fileEncoding = 4; lastKnownFileType = text.xml; path = "cafe-regatta.gpx"; sourceTree = "<group>"; };
		AFB8C1EA1A7BD108006DB57D /* skiffer-liuskaluoto.gpx */ = {isa = PBXFileReference; fileEncoding = 4; lastKnownFileType = text.xml; path = "skiffer-liuskaluoto.gpx"; sourceTree = "<group>"; };
		AFB8C1EC1A7BD112006DB57D /* teurastamo.gpx */ = {isa = PBXFileReference; fileEncoding = 4; lastKnownFileType = text.xml; path = teurastamo.gpx; sourceTree = "<group>"; };
		AFB8C1F61A7BD569006DB57D /* sample-places-helsinki.json */ = {isa = PBXFileReference; fileEncoding = 4; lastKnownFileType = text.json; path = "sample-places-helsinki.json"; sourceTree = "<group>"; };
		AFF16E721A7BC8E800EFF6AE /* PlaceController.swift */ = {isa = PBXFileReference; fileEncoding = 4; lastKnownFileType = sourcecode.swift; path = PlaceController.swift; sourceTree = "<group>"; };
		DC9AC305BA16C6EA8D60A2EF /* Pods.release.xcconfig */ = {isa = PBXFileReference; includeInIndex = 1; lastKnownFileType = text.xcconfig; name = Pods.release.xcconfig; path = "Pods/Target Support Files/Pods/Pods.release.xcconfig"; sourceTree = "<group>"; };
		E67FE1411AB750EB00F01F09 /* Model.xcdatamodel */ = {isa = PBXFileReference; lastKnownFileType = wrapper.xcdatamodel; path = Model.xcdatamodel; sourceTree = "<group>"; };
		E67FE1431AB7525300F01F09 /* CoreData.framework */ = {isa = PBXFileReference; lastKnownFileType = wrapper.framework; name = CoreData.framework; path = System/Library/Frameworks/CoreData.framework; sourceTree = SDKROOT; };
		E67FE1781AB756C800F01F09 /* Place.swift */ = {isa = PBXFileReference; fileEncoding = 4; lastKnownFileType = sourcecode.swift; path = Place.swift; sourceTree = "<group>"; };
		E8CC2D64CBE8E7AB1022656A /* Pods.framework */ = {isa = PBXFileReference; explicitFileType = wrapper.framework; includeInIndex = 0; path = Pods.framework; sourceTree = BUILT_PRODUCTS_DIR; };
/* End PBXFileReference section */

/* Begin PBXFrameworksBuildPhase section */
		6F17CBB8D63482EFB0D16872 /* Frameworks */ = {
			isa = PBXFrameworksBuildPhase;
			buildActionMask = 2147483647;
			files = (
			);
			runOnlyForDeploymentPostprocessing = 0;
		};
		6F17CE941A08BFCDEC8F5411 /* Frameworks */ = {
			isa = PBXFrameworksBuildPhase;
			buildActionMask = 2147483647;
			files = (
				E67FE1441AB7525300F01F09 /* CoreData.framework in Frameworks */,
				6D5555AE1A77ECD5002B2206 /* CoreLocation.framework in Frameworks */,
				6D5555AC1A77EBDB002B2206 /* MapKit.framework in Frameworks */,
			);
			runOnlyForDeploymentPostprocessing = 0;
		};
/* End PBXFrameworksBuildPhase section */

/* Begin PBXGroup section */
		6F17C15E7371A7E7BA2F1B45 = {
			isa = PBXGroup;
			children = (
				E67FE1401AB750EB00F01F09 /* Model.xcdatamodeld */,
				AFB8C1F61A7BD569006DB57D /* sample-places-helsinki.json */,
				AFB8C1EC1A7BD112006DB57D /* teurastamo.gpx */,
				AFB8C1EA1A7BD108006DB57D /* skiffer-liuskaluoto.gpx */,
				AFB8C1E81A7BD0FA006DB57D /* cafe-regatta.gpx */,
				6D5555AD1A77ECD5002B2206 /* CoreLocation.framework */,
				6D5555AB1A77EBDB002B2206 /* MapKit.framework */,
				6F17C7902559BB433EBCA7D5 /* Products */,
				6F17C8F935BC97BE9C9D2883 /* Near */,
				6F17C53E24BE163316658B1F /* NearTests */,
				AD59525D7451C9E60C46B65A /* Pods */,
				D45DAFA3E7C05AC25384C8EE /* Frameworks */,
			);
			sourceTree = "<group>";
		};
		6F17C251C388DAE95430F64E /* Supporting Files */ = {
			isa = PBXGroup;
			children = (
				115DAC811AA70C5C00100B0A /* icon_map_listview_ver2@2x.png */,
				11D591061AA4BB95007AC991 /* Logo_header_ver2@2x.png */,
				AF9052231A9DDC8A007E4EF3 /* icon_map.png */,
				AF9052201A9DDC81007E4EF3 /* icon_map_listview.png */,
				AF90521D1A9DDC74007E4EF3 /* icon_map_arrow.png */,
				AF9748A31A9D05ED00ACBD79 /* Roboto-Regular.ttf */,
				117918561A8131EA0087C660 /* logo_splashscreen.png */,
				6F17CF99F3294BB4383B07D3 /* Info.plist */,
			);
			name = "Supporting Files";
			sourceTree = "<group>";
		};
		6F17C53E24BE163316658B1F /* NearTests */ = {
			isa = PBXGroup;
			children = (
				6F17C7D166485ACE93CA2647 /* Supporting Files */,
				6F17C98FD1DBD829019CFF07 /* NearTests.swift */,
			);
			path = NearTests;
			sourceTree = "<group>";
		};
		6F17C7902559BB433EBCA7D5 /* Products */ = {
			isa = PBXGroup;
			children = (
				6F17C7B2CA74100222C9D2EF /* Near.app */,
				6F17C830998D2759BC94E45B /* NearTests.xctest */,
			);
			name = Products;
			sourceTree = "<group>";
		};
		6F17C7D166485ACE93CA2647 /* Supporting Files */ = {
			isa = PBXGroup;
			children = (
				6F17C74BF65D376BEB812D11 /* Info.plist */,
			);
			name = "Supporting Files";
			sourceTree = "<group>";
		};
		6F17C8F935BC97BE9C9D2883 /* Near */ = {
			isa = PBXGroup;
			children = (
				6DF913701AACB05F0046BD45 /* YellowButton.swift */,
				6DF913721AACB18E0046BD45 /* NotificationPermissionViewController.swift */,
				6DF9136C1AACAE850046BD45 /* LocationPermissionViewController.swift */,
				115DAC7F1AA7080900100B0A /* HistoryTableViewController.swift */,
				AF9748AF1A9D120300ACBD79 /* IntroductionViewController.swift */,
				6F17C251C388DAE95430F64E /* Supporting Files */,
				6F17CAC93073951E270EAD6E /* Images.xcassets */,
				6F17CF37C3E4AFF5021EB28E /* LaunchScreen.xib */,
				AFF16E721A7BC8E800EFF6AE /* PlaceController.swift */,
				6F17C2287DD61C1FC467C9C6 /* AppDelegate.swift */,
				E67FE1781AB756C800F01F09 /* Place.swift */,
				6F17C5159976F8E3EDDE4D9C /* Main.storyboard */,
				6F17CBA0D437CBF1F7E1B83F /* MapViewController.swift */,
				AF9748B21A9D223D00ACBD79 /* Colors.swift */,
				6DF913741AACBF280046BD45 /* IntroductionSegue.swift */,
			);
			path = Near;
			sourceTree = "<group>";
		};
		AD59525D7451C9E60C46B65A /* Pods */ = {
			isa = PBXGroup;
			children = (
				626666605C9031CB62AC6534 /* Pods.debug.xcconfig */,
				DC9AC305BA16C6EA8D60A2EF /* Pods.release.xcconfig */,
			);
			name = Pods;
			sourceTree = "<group>";
		};
		D45DAFA3E7C05AC25384C8EE /* Frameworks */ = {
			isa = PBXGroup;
			children = (
				E67FE1431AB7525300F01F09 /* CoreData.framework */,
				E8CC2D64CBE8E7AB1022656A /* Pods.framework */,
			);
			name = Frameworks;
			sourceTree = "<group>";
		};
/* End PBXGroup section */

/* Begin PBXNativeTarget section */
		6F17C3B9B46BDE00758377B9 /* Near */ = {
			isa = PBXNativeTarget;
			buildConfigurationList = 6F17C6C89BAE4E4DBAB36161 /* Build configuration list for PBXNativeTarget "Near" */;
			buildPhases = (
				6F17C08A326D7A22DD158C5B /* Sources */,
				6F17CE941A08BFCDEC8F5411 /* Frameworks */,
				6F17CEFF9B805E25E74A6EB9 /* Resources */,
			);
			buildRules = (
			);
			dependencies = (
			);
			name = Near;
			productName = Near;
			productReference = 6F17C7B2CA74100222C9D2EF /* Near.app */;
			productType = "com.apple.product-type.application";
		};
		6F17C7042F97B3D24D3357A2 /* NearTests */ = {
			isa = PBXNativeTarget;
			buildConfigurationList = 6F17C4160D6BB9ABEBA6CF89 /* Build configuration list for PBXNativeTarget "NearTests" */;
			buildPhases = (
				6F17CF9880B44427A68CE24D /* Sources */,
				6F17CBB8D63482EFB0D16872 /* Frameworks */,
				6F17C5C864AB15652CDBE665 /* Resources */,
			);
			buildRules = (
			);
			dependencies = (
				6F17C7744B9FB2992C27DD7E /* PBXTargetDependency */,
			);
			name = NearTests;
			productName = NearTests;
			productReference = 6F17C830998D2759BC94E45B /* NearTests.xctest */;
			productType = "com.apple.product-type.bundle.unit-test";
		};
/* End PBXNativeTarget section */

/* Begin PBXProject section */
		6F17C7439670C111C5C64B14 /* Project object */ = {
			isa = PBXProject;
			attributes = {
				ORGANIZATIONNAME = aalto;
				TargetAttributes = {
					6F17C3B9B46BDE00758377B9 = {
						DevelopmentTeam = 88URWRJFGB;
					};
				};
			};
			buildConfigurationList = 6F17C583D1C4F719873A4720 /* Build configuration list for PBXProject "Near" */;
			compatibilityVersion = "Xcode 3.2";
			developmentRegion = English;
			hasScannedForEncodings = 0;
			knownRegions = (
				en,
			);
			mainGroup = 6F17C15E7371A7E7BA2F1B45;
			productRefGroup = 6F17C7902559BB433EBCA7D5 /* Products */;
			projectDirPath = "";
			projectRoot = "";
			targets = (
				6F17C3B9B46BDE00758377B9 /* Near */,
				6F17C7042F97B3D24D3357A2 /* NearTests */,
			);
		};
/* End PBXProject section */

/* Begin PBXResourcesBuildPhase section */
		6F17C5C864AB15652CDBE665 /* Resources */ = {
			isa = PBXResourcesBuildPhase;
			buildActionMask = 2147483647;
			files = (
				AF9748A51A9D05ED00ACBD79 /* Roboto-Regular.ttf in Resources */,
				AF9052251A9DDC8A007E4EF3 /* icon_map.png in Resources */,
				AF9052221A9DDC81007E4EF3 /* icon_map_listview.png in Resources */,
				AF90521F1A9DDC74007E4EF3 /* icon_map_arrow.png in Resources */,
			);
			runOnlyForDeploymentPostprocessing = 0;
		};
		6F17CEFF9B805E25E74A6EB9 /* Resources */ = {
			isa = PBXResourcesBuildPhase;
			buildActionMask = 2147483647;
			files = (
				6F17C6DD9F1A616B739C4A8B /* Images.xcassets in Resources */,
				AF9052241A9DDC8A007E4EF3 /* icon_map.png in Resources */,
				AFB8C1F71A7BD569006DB57D /* sample-places-helsinki.json in Resources */,
				AFB8C1E91A7BD0FA006DB57D /* cafe-regatta.gpx in Resources */,
				AFB8C1ED1A7BD112006DB57D /* teurastamo.gpx in Resources */,
				115DAC821AA70C5C00100B0A /* icon_map_listview_ver2@2x.png in Resources */,
				6F17C03E14BE2F648228C521 /* LaunchScreen.xib in Resources */,
				6F17CB677505E9C9AE5F8C22 /* Main.storyboard in Resources */,
				AF9748A41A9D05ED00ACBD79 /* Roboto-Regular.ttf in Resources */,
				11D591071AA4BB95007AC991 /* Logo_header_ver2@2x.png in Resources */,
				AF90521E1A9DDC74007E4EF3 /* icon_map_arrow.png in Resources */,
				AFB8C1EB1A7BD108006DB57D /* skiffer-liuskaluoto.gpx in Resources */,
				AF9052211A9DDC81007E4EF3 /* icon_map_listview.png in Resources */,
				117918571A8131EA0087C660 /* logo_splashscreen.png in Resources */,
			);
			runOnlyForDeploymentPostprocessing = 0;
		};
/* End PBXResourcesBuildPhase section */

/* Begin PBXSourcesBuildPhase section */
		6F17C08A326D7A22DD158C5B /* Sources */ = {
			isa = PBXSourcesBuildPhase;
			buildActionMask = 2147483647;
			files = (
				6DF913731AACB18E0046BD45 /* NotificationPermissionViewController.swift in Sources */,
				AF9748B31A9D223D00ACBD79 /* Colors.swift in Sources */,
				6DF9136D1AACAE850046BD45 /* LocationPermissionViewController.swift in Sources */,
				115DAC801AA7080900100B0A /* HistoryTableViewController.swift in Sources */,
				6F17C59209C3D42EA3FD0F33 /* AppDelegate.swift in Sources */,
				6DF913711AACB05F0046BD45 /* YellowButton.swift in Sources */,
				E67FE1421AB750EB00F01F09 /* Model.xcdatamodeld in Sources */,
				6DF913751AACBF280046BD45 /* IntroductionSegue.swift in Sources */,
				6F17C41A0BBD11E2F0306F9D /* MapViewController.swift in Sources */,
				AFF16E731A7BC8E800EFF6AE /* PlaceController.swift in Sources */,
				E67FE1791AB756C800F01F09 /* Place.swift in Sources */,
			);
			runOnlyForDeploymentPostprocessing = 0;
		};
		6F17CF9880B44427A68CE24D /* Sources */ = {
			isa = PBXSourcesBuildPhase;
			buildActionMask = 2147483647;
			files = (
				AF9748B41A9D223D00ACBD79 /* Colors.swift in Sources */,
				6F17C333A76752B38F5D2A71 /* NearTests.swift in Sources */,
			);
			runOnlyForDeploymentPostprocessing = 0;
		};
/* End PBXSourcesBuildPhase section */

/* Begin PBXTargetDependency section */
		6F17C7744B9FB2992C27DD7E /* PBXTargetDependency */ = {
			isa = PBXTargetDependency;
			target = 6F17C3B9B46BDE00758377B9 /* Near */;
			targetProxy = 6F17C8DFA3DA9EA843D9FFE3 /* PBXContainerItemProxy */;
		};
/* End PBXTargetDependency section */

/* Begin PBXVariantGroup section */
		6F17C5159976F8E3EDDE4D9C /* Main.storyboard */ = {
			isa = PBXVariantGroup;
			children = (
				6F17C90814139A3F9835C079 /* Base */,
			);
			name = Main.storyboard;
			sourceTree = "<group>";
		};
		6F17CF37C3E4AFF5021EB28E /* LaunchScreen.xib */ = {
			isa = PBXVariantGroup;
			children = (
				6F17C269A3B074AF64C1038A /* Base */,
			);
			name = LaunchScreen.xib;
			sourceTree = "<group>";
		};
/* End PBXVariantGroup section */

/* Begin XCBuildConfiguration section */
		6F17C0B1C7D610254E8B09C4 /* Debug */ = {
			isa = XCBuildConfiguration;
			buildSettings = {
				BUNDLE_LOADER = "$(BUILT_PRODUCTS_DIR)/Near.app/Near";
				CLANG_ENABLE_MODULES = YES;
				FRAMEWORK_SEARCH_PATHS = (
					"$(SDKROOT)/Developer/Library/Frameworks",
					"$(inherited)",
				);
				INFOPLIST_FILE = NearTests/Info.plist;
				LD_RUNPATH_SEARCH_PATHS = "$(inherited) @executable_path/Frameworks @loader_path/Frameworks";
				PRODUCT_NAME = "$(TARGET_NAME)";
				SWIFT_INSTALL_OBJC_HEADER = NO;
				SWIFT_OPTIMIZATION_LEVEL = "-Onone";
				TEST_HOST = "$(BUNDLE_LOADER)";
			};
			name = Debug;
		};
		6F17C0ECDE1C107A9714C6AD /* Debug */ = {
			isa = XCBuildConfiguration;
			buildSettings = {
				ASSETCATALOG_COMPILER_APPICON_NAME = AppIcon;
				CLANG_ENABLE_MODULES = YES;
				CODE_SIGN_IDENTITY = "iPhone Developer";
				"CODE_SIGN_IDENTITY[sdk=iphoneos*]" = "iPhone Developer";
				INFOPLIST_FILE = Near/Info.plist;
				LD_RUNPATH_SEARCH_PATHS = "$(inherited) @executable_path/Frameworks";
				PRODUCT_NAME = "$(TARGET_NAME)";
				PROVISIONING_PROFILE = "";
				SWIFT_INSTALL_OBJC_HEADER = NO;
				SWIFT_OPTIMIZATION_LEVEL = "-Onone";
			};
			name = Debug;
		};
		6F17C6588F5E09BE5B3378BE /* Release */ = {
			isa = XCBuildConfiguration;
			buildSettings = {
				BUNDLE_LOADER = "$(BUILT_PRODUCTS_DIR)/Near.app/Near";
				CLANG_ENABLE_MODULES = YES;
				FRAMEWORK_SEARCH_PATHS = (
					"$(SDKROOT)/Developer/Library/Frameworks",
					"$(inherited)",
				);
				INFOPLIST_FILE = NearTests/Info.plist;
				LD_RUNPATH_SEARCH_PATHS = "$(inherited) @executable_path/Frameworks @loader_path/Frameworks";
				PRODUCT_NAME = "$(TARGET_NAME)";
				SWIFT_INSTALL_OBJC_HEADER = NO;
				TEST_HOST = "$(BUNDLE_LOADER)";
			};
			name = Release;
		};
		6F17C826940C59E69EF0E92F /* Debug */ = {
			isa = XCBuildConfiguration;
			buildSettings = {
				ALWAYS_SEARCH_USER_PATHS = NO;
				CLANG_CXX_LANGUAGE_STANDARD = "gnu++0x";
				CLANG_CXX_LIBRARY = "libc++";
				CLANG_ENABLE_MODULES = YES;
				CLANG_ENABLE_OBJC_ARC = YES;
				CLANG_WARN_BOOL_CONVERSION = YES;
				CLANG_WARN_CONSTANT_CONVERSION = YES;
				CLANG_WARN_DIRECT_OBJC_ISA_USAGE = YES_ERROR;
				CLANG_WARN_EMPTY_BODY = YES;
				CLANG_WARN_ENUM_CONVERSION = YES;
				CLANG_WARN_INT_CONVERSION = YES;
				CLANG_WARN_OBJC_ROOT_CLASS = YES_ERROR;
				CLANG_WARN_UNREACHABLE_CODE = YES;
				CLANG_WARN__DUPLICATE_METHOD_MATCH = YES;
				"CODE_SIGN_IDENTITY[sdk=iphoneos*]" = "iPhone Developer";
				COPY_PHASE_STRIP = NO;
				ENABLE_STRICT_OBJC_MSGSEND = YES;
				GCC_C_LANGUAGE_STANDARD = gnu99;
				GCC_DYNAMIC_NO_PIC = NO;
				GCC_OPTIMIZATION_LEVEL = 0;
				GCC_PREPROCESSOR_DEFINITIONS = (
					"DEBUG=1",
					"$(inherited)",
				);
				GCC_SYMBOLS_PRIVATE_EXTERN = NO;
				GCC_WARN_64_TO_32_BIT_CONVERSION = YES;
				GCC_WARN_ABOUT_RETURN_TYPE = YES_ERROR;
				GCC_WARN_UNDECLARED_SELECTOR = YES;
				GCC_WARN_UNINITIALIZED_AUTOS = YES_AGGRESSIVE;
				GCC_WARN_UNUSED_FUNCTION = YES;
				GCC_WARN_UNUSED_VARIABLE = YES;
				IPHONEOS_DEPLOYMENT_TARGET = 8.1;
				MTL_ENABLE_DEBUG_INFO = YES;
				ONLY_ACTIVE_ARCH = YES;
				SDKROOT = iphoneos;
				SWIFT_OPTIMIZATION_LEVEL = "-Onone";
			};
			name = Debug;
		};
		6F17C8E842DE1E735F8BB4FA /* Release */ = {
			isa = XCBuildConfiguration;
			buildSettings = {
				ASSETCATALOG_COMPILER_APPICON_NAME = AppIcon;
				CLANG_ENABLE_MODULES = YES;
				CODE_SIGN_IDENTITY = "iPhone Developer";
				"CODE_SIGN_IDENTITY[sdk=iphoneos*]" = "iPhone Developer";
				INFOPLIST_FILE = Near/Info.plist;
				LD_RUNPATH_SEARCH_PATHS = "$(inherited) @executable_path/Frameworks";
				PRODUCT_NAME = "$(TARGET_NAME)";
				PROVISIONING_PROFILE = "";
				SWIFT_INSTALL_OBJC_HEADER = NO;
			};
			name = Release;
		};
		6F17CF86FAF7733A3CD01ECF /* Release */ = {
			isa = XCBuildConfiguration;
			buildSettings = {
				ALWAYS_SEARCH_USER_PATHS = NO;
				CLANG_CXX_LANGUAGE_STANDARD = "gnu++0x";
				CLANG_CXX_LIBRARY = "libc++";
				CLANG_ENABLE_MODULES = YES;
				CLANG_ENABLE_OBJC_ARC = YES;
				CLANG_WARN_BOOL_CONVERSION = YES;
				CLANG_WARN_CONSTANT_CONVERSION = YES;
				CLANG_WARN_DIRECT_OBJC_ISA_USAGE = YES_ERROR;
				CLANG_WARN_EMPTY_BODY = YES;
				CLANG_WARN_ENUM_CONVERSION = YES;
				CLANG_WARN_INT_CONVERSION = YES;
				CLANG_WARN_OBJC_ROOT_CLASS = YES_ERROR;
				CLANG_WARN_UNREACHABLE_CODE = YES;
				CLANG_WARN__DUPLICATE_METHOD_MATCH = YES;
				"CODE_SIGN_IDENTITY[sdk=iphoneos*]" = "iPhone Developer";
				COPY_PHASE_STRIP = YES;
				ENABLE_NS_ASSERTIONS = NO;
				ENABLE_STRICT_OBJC_MSGSEND = YES;
				GCC_C_LANGUAGE_STANDARD = gnu99;
				GCC_WARN_64_TO_32_BIT_CONVERSION = YES;
				GCC_WARN_ABOUT_RETURN_TYPE = YES_ERROR;
				GCC_WARN_UNDECLARED_SELECTOR = YES;
				GCC_WARN_UNINITIALIZED_AUTOS = YES_AGGRESSIVE;
				GCC_WARN_UNUSED_FUNCTION = YES;
				GCC_WARN_UNUSED_VARIABLE = YES;
				IPHONEOS_DEPLOYMENT_TARGET = 8.1;
				MTL_ENABLE_DEBUG_INFO = NO;
				SDKROOT = iphoneos;
				VALIDATE_PRODUCT = YES;
			};
			name = Release;
		};
/* End XCBuildConfiguration section */

/* Begin XCConfigurationList section */
		6F17C4160D6BB9ABEBA6CF89 /* Build configuration list for PBXNativeTarget "NearTests" */ = {
			isa = XCConfigurationList;
			buildConfigurations = (
				6F17C0B1C7D610254E8B09C4 /* Debug */,
				6F17C6588F5E09BE5B3378BE /* Release */,
			);
			defaultConfigurationIsVisible = 0;
			defaultConfigurationName = Release;
		};
		6F17C583D1C4F719873A4720 /* Build configuration list for PBXProject "Near" */ = {
			isa = XCConfigurationList;
			buildConfigurations = (
				6F17C826940C59E69EF0E92F /* Debug */,
				6F17CF86FAF7733A3CD01ECF /* Release */,
			);
			defaultConfigurationIsVisible = 0;
			defaultConfigurationName = Release;
		};
		6F17C6C89BAE4E4DBAB36161 /* Build configuration list for PBXNativeTarget "Near" */ = {
			isa = XCConfigurationList;
			buildConfigurations = (
				6F17C0ECDE1C107A9714C6AD /* Debug */,
				6F17C8E842DE1E735F8BB4FA /* Release */,
			);
			defaultConfigurationIsVisible = 0;
			defaultConfigurationName = Release;
		};
/* End XCConfigurationList section */

/* Begin XCVersionGroup section */
		E67FE1401AB750EB00F01F09 /* Model.xcdatamodeld */ = {
			isa = XCVersionGroup;
			children = (
				E67FE1411AB750EB00F01F09 /* Model.xcdatamodel */,
			);
			currentVersion = E67FE1411AB750EB00F01F09 /* Model.xcdatamodel */;
			path = Model.xcdatamodeld;
			sourceTree = "<group>";
			versionGroupType = wrapper.xcdatamodel;
		};
/* End XCVersionGroup section */
	};
	rootObject = 6F17C7439670C111C5C64B14 /* Project object */;
}
